
Microsoft Visual Studio Solution File, Format Version 12.00
# Visual Studio Version 17
VisualStudioVersion = 17.11.35327.3
MinimumVisualStudioVersion = 10.0.40219.1
Project("{8BC9CEB8-8B4A-11D0-8D11-00A0C91BC942}") = "VersionALoader", "VersionALoader\VersionALoader.vcxproj", "{1679579F-3EEC-44CD-8D47-55D27D4EAF9B}"
EndProject
Project("{8BC9CEB8-8B4A-11D0-8D11-00A0C91BC942}") = "VersionBLoader", "VersionBLoader\VersionBLoader.vcxproj", "{42ADB6AD-C25B-433A-ABD3-CC33C6B410BF}"
EndProject
Project("{9A19103F-16F7-4668-BE54-9A1E7A4F7556}") = "AbDemoCs", "AbDemoCs\AbDemoCs.csproj", "{CFDFA7D6-4D6E-4319-87A1-4B2079EA0E65}"
	ProjectSection(ProjectDependencies) = postProject
		{1679579F-3EEC-44CD-8D47-55D27D4EAF9B} = {1679579F-3EEC-44CD-8D47-55D27D4EAF9B}
		{42ADB6AD-C25B-433A-ABD3-CC33C6B410BF} = {42ADB6AD-C25B-433A-ABD3-CC33C6B410BF}
	EndProjectSection
EndProject
Global
	GlobalSection(SolutionConfigurationPlatforms) = preSolution
		Debug|ARM64 = Debug|ARM64
		Debug|x64 = Debug|x64
		Debug|x86 = Debug|x86
		Release|ARM64 = Release|ARM64
		Release|x64 = Release|x64
		Release|x86 = Release|x86
	EndGlobalSection
	GlobalSection(ProjectConfigurationPlatforms) = postSolution
		{1679579F-3EEC-44CD-8D47-55D27D4EAF9B}.Debug|ARM64.ActiveCfg = Debug|x64
		{1679579F-3EEC-44CD-8D47-55D27D4EAF9B}.Debug|ARM64.Build.0 = Debug|x64
		{1679579F-3EEC-44CD-8D47-55D27D4EAF9B}.Debug|x64.ActiveCfg = Debug|x64
		{1679579F-3EEC-44CD-8D47-55D27D4EAF9B}.Debug|x64.Build.0 = Debug|x64
		{1679579F-3EEC-44CD-8D47-55D27D4EAF9B}.Debug|x86.ActiveCfg = Debug|Win32
		{1679579F-3EEC-44CD-8D47-55D27D4EAF9B}.Debug|x86.Build.0 = Debug|Win32
		{1679579F-3EEC-44CD-8D47-55D27D4EAF9B}.Release|ARM64.ActiveCfg = Release|x64
		{1679579F-3EEC-44CD-8D47-55D27D4EAF9B}.Release|ARM64.Build.0 = Release|x64
		{1679579F-3EEC-44CD-8D47-55D27D4EAF9B}.Release|x64.ActiveCfg = Release|x64
		{1679579F-3EEC-44CD-8D47-55D27D4EAF9B}.Release|x64.Build.0 = Release|x64
		{1679579F-3EEC-44CD-8D47-55D27D4EAF9B}.Release|x86.ActiveCfg = Release|Win32
		{1679579F-3EEC-44CD-8D47-55D27D4EAF9B}.Release|x86.Build.0 = Release|Win32
		{42ADB6AD-C25B-433A-ABD3-CC33C6B410BF}.Debug|ARM64.ActiveCfg = Debug|x64
		{42ADB6AD-C25B-433A-ABD3-CC33C6B410BF}.Debug|ARM64.Build.0 = Debug|x64
		{42ADB6AD-C25B-433A-ABD3-CC33C6B410BF}.Debug|x64.ActiveCfg = Debug|x64
		{42ADB6AD-C25B-433A-ABD3-CC33C6B410BF}.Debug|x64.Build.0 = Debug|x64
		{42ADB6AD-C25B-433A-ABD3-CC33C6B410BF}.Debug|x86.ActiveCfg = Debug|Win32
		{42ADB6AD-C25B-433A-ABD3-CC33C6B410BF}.Debug|x86.Build.0 = Debug|Win32
		{42ADB6AD-C25B-433A-ABD3-CC33C6B410BF}.Release|ARM64.ActiveCfg = Release|x64
		{42ADB6AD-C25B-433A-ABD3-CC33C6B410BF}.Release|ARM64.Build.0 = Release|x64
		{42ADB6AD-C25B-433A-ABD3-CC33C6B410BF}.Release|x64.ActiveCfg = Release|x64
		{42ADB6AD-C25B-433A-ABD3-CC33C6B410BF}.Release|x64.Build.0 = Release|x64
		{42ADB6AD-C25B-433A-ABD3-CC33C6B410BF}.Release|x86.ActiveCfg = Release|Win32
		{42ADB6AD-C25B-433A-ABD3-CC33C6B410BF}.Release|x86.Build.0 = Release|Win32
		{CFDFA7D6-4D6E-4319-87A1-4B2079EA0E65}.Debug|ARM64.ActiveCfg = Debug|ARM64
		{CFDFA7D6-4D6E-4319-87A1-4B2079EA0E65}.Debug|ARM64.Build.0 = Debug|ARM64
		{CFDFA7D6-4D6E-4319-87A1-4B2079EA0E65}.Debug|ARM64.Deploy.0 = Debug|ARM64
		{CFDFA7D6-4D6E-4319-87A1-4B2079EA0E65}.Debug|x64.ActiveCfg = Debug|x64
		{CFDFA7D6-4D6E-4319-87A1-4B2079EA0E65}.Debug|x64.Build.0 = Debug|x64
		{CFDFA7D6-4D6E-4319-87A1-4B2079EA0E65}.Debug|x64.Deploy.0 = Debug|x64
		{CFDFA7D6-4D6E-4319-87A1-4B2079EA0E65}.Debug|x86.ActiveCfg = Debug|x86
		{CFDFA7D6-4D6E-4319-87A1-4B2079EA0E65}.Debug|x86.Build.0 = Debug|x86
		{CFDFA7D6-4D6E-4319-87A1-4B2079EA0E65}.Debug|x86.Deploy.0 = Debug|x86
		{CFDFA7D6-4D6E-4319-87A1-4B2079EA0E65}.Release|ARM64.ActiveCfg = Release|ARM64
		{CFDFA7D6-4D6E-4319-87A1-4B2079EA0E65}.Release|ARM64.Build.0 = Release|ARM64
		{CFDFA7D6-4D6E-4319-87A1-4B2079EA0E65}.Release|ARM64.Deploy.0 = Release|ARM64
		{CFDFA7D6-4D6E-4319-87A1-4B2079EA0E65}.Release|x64.ActiveCfg = Release|x64
		{CFDFA7D6-4D6E-4319-87A1-4B2079EA0E65}.Release|x64.Build.0 = Release|x64
		{CFDFA7D6-4D6E-4319-87A1-4B2079EA0E65}.Release|x64.Deploy.0 = Release|x64
		{CFDFA7D6-4D6E-4319-87A1-4B2079EA0E65}.Release|x86.ActiveCfg = Release|x86
		{CFDFA7D6-4D6E-4319-87A1-4B2079EA0E65}.Release|x86.Build.0 = Release|x86
		{CFDFA7D6-4D6E-4319-87A1-4B2079EA0E65}.Release|x86.Deploy.0 = Release|x86
	EndGlobalSection
	GlobalSection(SolutionProperties) = preSolution
		HideSolutionNode = FALSE
	EndGlobalSection
	GlobalSection(ExtensibilityGlobals) = postSolution
		SolutionGuid = {D7861929-BF94-46D8-A2C6-064DB7E6E637}
	EndGlobalSection
EndGlobal
